
Microsoft Visual Studio Solution File, Format Version 12.00
# Visual Studio Version 17
VisualStudioVersion = 17.3.32819.101
MinimumVisualStudioVersion = 10.0.40219.1
Project("{FAE04EC0-301F-11D3-BF4B-00C04F79EFBC}") = "calculator2", "calculator2.csproj", "{AE475C37-51D1-4D61-853A-A3F2459F9146}"
EndProject
Global
	GlobalSection(SolutionConfigurationPlatforms) = preSolution
		Debug|Any CPU = Debug|Any CPU
		Release|Any CPU = Release|Any CPU
	EndGlobalSection
	GlobalSection(ProjectConfigurationPlatforms) = postSolution
		{AE475C37-51D1-4D61-853A-A3F2459F9146}.Debug|Any CPU.ActiveCfg = Debug|Any CPU
		{AE475C37-51D1-4D61-853A-A3F2459F9146}.Debug|Any CPU.Build.0 = Debug|Any CPU
		{AE475C37-51D1-4D61-853A-A3F2459F9146}.Release|Any CPU.ActiveCfg = Release|Any CPU
		{AE475C37-51D1-4D61-853A-A3F2459F9146}.Release|Any CPU.Build.0 = Release|Any CPU
	EndGlobalSection
	GlobalSection(SolutionProperties) = preSolution
		HideSolutionNode = FALSE
	EndGlobalSection
	GlobalSection(ExtensibilityGlobals) = postSolution
		SolutionGuid = {593CE5F8-8EC7-4258-9E17-93333DD28B2E}
	EndGlobalSection
EndGlobal
